
Microsoft Visual Studio Solution File, Format Version 12.00
# Visual Studio Version 17
VisualStudioVersion = 17.8.34330.188
MinimumVisualStudioVersion = 10.0.40219.1
Project("{9A19103F-16F7-4668-BE54-9A1E7A4F7556}") = "Olli.Tools.CommieTester", "Olli.Tools.CommieTester\Olli.Tools.CommieTester.csproj", "{7FC6078E-3C3D-444B-A226-C5AFCA216480}"
EndProject
Global
	GlobalSection(SolutionConfigurationPlatforms) = preSolution
		Debug|Any CPU = Debug|Any CPU
		Release|Any CPU = Release|Any CPU
	EndGlobalSection
	GlobalSection(ProjectConfigurationPlatforms) = postSolution
		{7FC6078E-3C3D-444B-A226-C5AFCA216480}.Debug|Any CPU.ActiveCfg = Debug|Any CPU
		{7FC6078E-3C3D-444B-A226-C5AFCA216480}.Debug|Any CPU.Build.0 = Debug|Any CPU
		{7FC6078E-3C3D-444B-A226-C5AFCA216480}.Release|Any CPU.ActiveCfg = Release|Any CPU
		{7FC6078E-3C3D-444B-A226-C5AFCA216480}.Release|Any CPU.Build.0 = Release|Any CPU
	EndGlobalSection
	GlobalSection(SolutionProperties) = preSolution
		HideSolutionNode = FALSE
	EndGlobalSection
	GlobalSection(ExtensibilityGlobals) = postSolution
		SolutionGuid = {9684CE8C-3060-4FCD-BA6F-E5119FA1C172}
	EndGlobalSection
EndGlobal
